
Microsoft Visual Studio Solution File, Format Version 12.00
# Visual Studio Version 16
VisualStudioVersion = 16.0.29306.81
MinimumVisualStudioVersion = 10.0.40219.1
Project("{FAE04EC0-301F-11D3-BF4B-00C04F79EFBC}") = "MIOSimulation", "MIOSimulation\MIOSimulation.csproj", "{5B3944DC-B09C-4A0C-B7A8-03CD0095502A}"
EndProject
Global
	GlobalSection(SolutionConfigurationPlatforms) = preSolution
		Debug|Any CPU = Debug|Any CPU
		Release|Any CPU = Release|Any CPU
	EndGlobalSection
	GlobalSection(ProjectConfigurationPlatforms) = postSolution
		{5B3944DC-B09C-4A0C-B7A8-03CD0095502A}.Debug|Any CPU.ActiveCfg = Debug|Any CPU
		{5B3944DC-B09C-4A0C-B7A8-03CD0095502A}.Debug|Any CPU.Build.0 = Debug|Any CPU
		{5B3944DC-B09C-4A0C-B7A8-03CD0095502A}.Release|Any CPU.ActiveCfg = Release|Any CPU
		{5B3944DC-B09C-4A0C-B7A8-03CD0095502A}.Release|Any CPU.Build.0 = Release|Any CPU
	EndGlobalSection
	GlobalSection(SolutionProperties) = preSolution
		HideSolutionNode = FALSE
	EndGlobalSection
	GlobalSection(ExtensibilityGlobals) = postSolution
		SolutionGuid = {F6908C4A-FD0C-4FAA-8607-863BE666D926}
	EndGlobalSection
EndGlobal
